
Microsoft Visual Studio Solution File, Format Version 12.00
# Visual Studio Version 16
VisualStudioVersion = 16.0.34729.46
MinimumVisualStudioVersion = 10.0.40219.1
Project("{FAE04EC0-301F-11D3-BF4B-00C04F79EFBC}") = "CarInsurance", "CarInsurance\CarInsurance.csproj", "{09D209C1-1014-43EA-A6FB-5F0689627D4D}"
EndProject
Global
	GlobalSection(SolutionConfigurationPlatforms) = preSolution
		Debug|Any CPU = Debug|Any CPU
		Release|Any CPU = Release|Any CPU
	EndGlobalSection
	GlobalSection(ProjectConfigurationPlatforms) = postSolution
		{09D209C1-1014-43EA-A6FB-5F0689627D4D}.Debug|Any CPU.ActiveCfg = Debug|Any CPU
		{09D209C1-1014-43EA-A6FB-5F0689627D4D}.Debug|Any CPU.Build.0 = Debug|Any CPU
		{09D209C1-1014-43EA-A6FB-5F0689627D4D}.Release|Any CPU.ActiveCfg = Release|Any CPU
		{09D209C1-1014-43EA-A6FB-5F0689627D4D}.Release|Any CPU.Build.0 = Release|Any CPU
	EndGlobalSection
	GlobalSection(SolutionProperties) = preSolution
		HideSolutionNode = FALSE
	EndGlobalSection
	GlobalSection(ExtensibilityGlobals) = postSolution
		SolutionGuid = {3780D9A6-60C2-4A65-8F86-14A5BAB6603F}
	EndGlobalSection
EndGlobal
